
Microsoft Visual Studio Solution File, Format Version 12.00
# Visual Studio Version 17
VisualStudioVersion = 17.13.35825.156 d17.13
MinimumVisualStudioVersion = 10.0.40219.1
Project("{888888A0-9F3D-457C-B088-3A5042F75D52}") = "hotal", "hotal\hotal.pyproj", "{C467CA2A-C065-4FE5-818F-CCC101B79C60}"
EndProject
Global
	GlobalSection(SolutionConfigurationPlatforms) = preSolution
		Debug|Any CPU = Debug|Any CPU
		Release|Any CPU = Release|Any CPU
	EndGlobalSection
	GlobalSection(ProjectConfigurationPlatforms) = postSolution
		{C467CA2A-C065-4FE5-818F-CCC101B79C60}.Debug|Any CPU.ActiveCfg = Debug|Any CPU
		{C467CA2A-C065-4FE5-818F-CCC101B79C60}.Release|Any CPU.ActiveCfg = Release|Any CPU
	EndGlobalSection
	GlobalSection(SolutionProperties) = preSolution
		HideSolutionNode = FALSE
	EndGlobalSection
	GlobalSection(ExtensibilityGlobals) = postSolution
		SolutionGuid = {4468373C-9E00-46D7-B760-DD86A13836AD}
	EndGlobalSection
EndGlobal
